
Microsoft Visual Studio Solution File, Format Version 12.00
# Visual Studio Version 16
VisualStudioVersion = 16.0.30523.141
MinimumVisualStudioVersion = 10.0.40219.1
Project("{FAE04EC0-301F-11D3-BF4B-00C04F79EFBC}") = "CSharpM1P1", "CSharpM1P1\CSharpM1P1.csproj", "{0016DF66-DFAA-4A50-8900-B89E6FFC9667}"
EndProject
Global
	GlobalSection(SolutionConfigurationPlatforms) = preSolution
		Debug|Any CPU = Debug|Any CPU
		Release|Any CPU = Release|Any CPU
	EndGlobalSection
	GlobalSection(ProjectConfigurationPlatforms) = postSolution
		{0016DF66-DFAA-4A50-8900-B89E6FFC9667}.Debug|Any CPU.ActiveCfg = Debug|Any CPU
		{0016DF66-DFAA-4A50-8900-B89E6FFC9667}.Debug|Any CPU.Build.0 = Debug|Any CPU
		{0016DF66-DFAA-4A50-8900-B89E6FFC9667}.Release|Any CPU.ActiveCfg = Release|Any CPU
		{0016DF66-DFAA-4A50-8900-B89E6FFC9667}.Release|Any CPU.Build.0 = Release|Any CPU
	EndGlobalSection
	GlobalSection(SolutionProperties) = preSolution
		HideSolutionNode = FALSE
	EndGlobalSection
	GlobalSection(ExtensibilityGlobals) = postSolution
		SolutionGuid = {D707A74A-AA1C-4354-AF0A-02B2BD554D72}
	EndGlobalSection
EndGlobal
